// !$*UTF8*$!
{
	archiveVersion = 1;
	classes = {
	};
	objectVersion = 50;
	objects = {

/* Begin PBXBuildFile section */
		282A07F92484381A00A8FC49 /* AppDelegate.swift in Sources */ = {isa = PBXBuildFile; fileRef = 282A07F82484381A00A8FC49 /* AppDelegate.swift */; };
		282A07FB2484381A00A8FC49 /* ViewController.swift in Sources */ = {isa = PBXBuildFile; fileRef = 282A07FA2484381A00A8FC49 /* ViewController.swift */; };
		282A07FE2484381A00A8FC49 /* Main.storyboard in Resources */ = {isa = PBXBuildFile; fileRef = 282A07FC2484381A00A8FC49 /* Main.storyboard */; };
		282A08002484381D00A8FC49 /* Assets.xcassets in Resources */ = {isa = PBXBuildFile; fileRef = 282A07FF2484381D00A8FC49 /* Assets.xcassets */; };
		282A08032484381D00A8FC49 /* LaunchScreen.storyboard in Resources */ = {isa = PBXBuildFile; fileRef = 282A08012484381D00A8FC49 /* LaunchScreen.storyboard */; };
		282A080E2484381D00A8FC49 /* Age_CalculatorTests.swift in Sources */ = {isa = PBXBuildFile; fileRef = 282A080D2484381D00A8FC49 /* Age_CalculatorTests.swift */; };
		282A08192484381D00A8FC49 /* Age_CalculatorUITests.swift in Sources */ = {isa = PBXBuildFile; fileRef = 282A08182484381D00A8FC49 /* Age_CalculatorUITests.swift */; };
/* End PBXBuildFile section */

/* Begin PBXContainerItemProxy section */
		282A080A2484381D00A8FC49 /* PBXContainerItemProxy */ = {
			isa = PBXContainerItemProxy;
			containerPortal = 282A07ED2484381A00A8FC49 /* Project object */;
			proxyType = 1;
			remoteGlobalIDString = 282A07F42484381A00A8FC49;
			remoteInfo = "Age Calculator";
		};
		282A08152484381D00A8FC49 /* PBXContainerItemProxy */ = {
			isa = PBXContainerItemProxy;
			containerPortal = 282A07ED2484381A00A8FC49 /* Project object */;
			proxyType = 1;
			remoteGlobalIDString = 282A07F42484381A00A8FC49;
			remoteInfo = "Age Calculator";
		};
/* End PBXContainerItemProxy section */

/* Begin PBXFileReference section */
		282A07F52484381A00A8FC49 /* Age Calculator.app */ = {isa = PBXFileReference; explicitFileType = wrapper.application; includeInIndex = 0; path = "Age Calculator.app"; sourceTree = BUILT_PRODUCTS_DIR; };
		282A07F82484381A00A8FC49 /* AppDelegate.swift */ = {isa = PBXFileReference; lastKnownFileType = sourcecode.swift; path = AppDelegate.swift; sourceTree = "<group>"; };
		282A07FA2484381A00A8FC49 /* ViewController.swift */ = {isa = PBXFileReference; lastKnownFileType = sourcecode.swift; path = ViewController.swift; sourceTree = "<group>"; };
		282A07FD2484381A00A8FC49 /* Base */ = {isa = PBXFileReference; lastKnownFileType = file.storyboard; name = Base; path = Base.lproj/Main.storyboard; sourceTree = "<group>"; };
		282A07FF2484381D00A8FC49 /* Assets.xcassets */ = {isa = PBXFileReference; lastKnownFileType = folder.assetcatalog; path = Assets.xcassets; sourceTree = "<group>"; };
		282A08022484381D00A8FC49 /* Base */ = {isa = PBXFileReference; lastKnownFileType = file.storyboard; name = Base; path = Base.lproj/LaunchScreen.storyboard; sourceTree = "<group>"; };
		282A08042484381D00A8FC49 /* Info.plist */ = {isa = PBXFileReference; lastKnownFileType = text.plist.xml; path = Info.plist; sourceTree = "<group>"; };
		282A08092484381D00A8FC49 /* Age CalculatorTests.xctest */ = {isa = PBXFileReference; explicitFileType = wrapper.cfbundle; includeInIndex = 0; path = "Age CalculatorTests.xctest"; sourceTree = BUILT_PRODUCTS_DIR; };
		282A080D2484381D00A8FC49 /* Age_CalculatorTests.swift */ = {isa = PBXFileReference; lastKnownFileType = sourcecode.swift; path = Age_CalculatorTests.swift; sourceTree = "<group>"; };
		282A080F2484381D00A8FC49 /* Info.plist */ = {isa = PBXFileReference; lastKnownFileType = text.plist.xml; path = Info.plist; sourceTree = "<group>"; };
		282A08142484381D00A8FC49 /* Age CalculatorUITests.xctest */ = {isa = PBXFileReference; explicitFileType = wrapper.cfbundle; includeInIndex = 0; path = "Age CalculatorUITests.xctest"; sourceTree = BUILT_PRODUCTS_DIR; };
		282A08182484381D00A8FC49 /* Age_CalculatorUITests.swift */ = {isa = PBXFileReference; lastKnownFileType = sourcecode.swift; path = Age_CalculatorUITests.swift; sourceTree = "<group>"; };
		282A081A2484381D00A8FC49 /* Info.plist */ = {isa = PBXFileReference; lastKnownFileType = text.plist.xml; path = Info.plist; sourceTree = "<group>"; };
/* End PBXFileReference section */

/* Begin PBXFrameworksBuildPhase section */
		282A07F22484381A00A8FC49 /* Frameworks */ = {
			isa = PBXFrameworksBuildPhase;
			buildActionMask = 2147483647;
			files = (
			);
			runOnlyForDeploymentPostprocessing = 0;
		};
		282A08062484381D00A8FC49 /* Frameworks */ = {
			isa = PBXFrameworksBuildPhase;
			buildActionMask = 2147483647;
			files = (
			);
			runOnlyForDeploymentPostprocessing = 0;
		};
		282A08112484381D00A8FC49 /* Frameworks */ = {
			isa = PBXFrameworksBuildPhase;
			buildActionMask = 2147483647;
			files = (
			);
			runOnlyForDeploymentPostprocessing = 0;
		};
/* End PBXFrameworksBuildPhase section */

/* Begin PBXGroup section */
		282A07EC2484381A00A8FC49 = {
			isa = PBXGroup;
			children = (
				282A07F72484381A00A8FC49 /* Age Calculator */,
				282A080C2484381D00A8FC49 /* Age CalculatorTests */,
				282A08172484381D00A8FC49 /* Age CalculatorUITests */,
				282A07F62484381A00A8FC49 /* Products */,
			);
			sourceTree = "<group>";
		};
		282A07F62484381A00A8FC49 /* Products */ = {
			isa = PBXGroup;
			children = (
				282A07F52484381A00A8FC49 /* Age Calculator.app */,
				282A08092484381D00A8FC49 /* Age CalculatorTests.xctest */,
				282A08142484381D00A8FC49 /* Age CalculatorUITests.xctest */,
			);
			name = Products;
			sourceTree = "<group>";
		};
		282A07F72484381A00A8FC49 /* Age Calculator */ = {
			isa = PBXGroup;
			children = (
				282A07F82484381A00A8FC49 /* AppDelegate.swift */,
				282A07FA2484381A00A8FC49 /* ViewController.swift */,
				282A07FC2484381A00A8FC49 /* Main.storyboard */,
				282A07FF2484381D00A8FC49 /* Assets.xcassets */,
				282A08012484381D00A8FC49 /* LaunchScreen.storyboard */,
				282A08042484381D00A8FC49 /* Info.plist */,
			);
			path = "Age Calculator";
			sourceTree = "<group>";
		};
		282A080C2484381D00A8FC49 /* Age CalculatorTests */ = {
			isa = PBXGroup;
			children = (
				282A080D2484381D00A8FC49 /* Age_CalculatorTests.swift */,
				282A080F2484381D00A8FC49 /* Info.plist */,
			);
			path = "Age CalculatorTests";
			sourceTree = "<group>";
		};
		282A08172484381D00A8FC49 /* Age CalculatorUITests */ = {
			isa = PBXGroup;
			children = (
				282A08182484381D00A8FC49 /* Age_CalculatorUITests.swift */,
				282A081A2484381D00A8FC49 /* Info.plist */,
			);
			path = "Age CalculatorUITests";
			sourceTree = "<group>";
		};
/* End PBXGroup section */

/* Begin PBXNativeTarget section */
		282A07F42484381A00A8FC49 /* Age Calculator */ = {
			isa = PBXNativeTarget;
			buildConfigurationList = 282A081D2484381D00A8FC49 /* Build configuration list for PBXNativeTarget "Age Calculator" */;
			buildPhases = (
				282A07F12484381A00A8FC49 /* Sources */,
				282A07F22484381A00A8FC49 /* Frameworks */,
				282A07F32484381A00A8FC49 /* Resources */,
			);
			buildRules = (
			);
			dependencies = (
			);
			name = "Age Calculator";
			productName = "Age Calculator";
			productReference = 282A07F52484381A00A8FC49 /* Age Calculator.app */;
			productType = "com.apple.product-type.application";
		};
		282A08082484381D00A8FC49 /* Age CalculatorTests */ = {
			isa = PBXNativeTarget;
			buildConfigurationList = 282A08202484381D00A8FC49 /* Build configuration list for PBXNativeTarget "Age CalculatorTests" */;
			buildPhases = (
				282A08052484381D00A8FC49 /* Sources */,
				282A08062484381D00A8FC49 /* Frameworks */,
				282A08072484381D00A8FC49 /* Resources */,
			);
			buildRules = (
			);
			dependencies = (
				282A080B2484381D00A8FC49 /* PBXTargetDependency */,
			);
			name = "Age CalculatorTests";
			productName = "Age CalculatorTests";
			productReference = 282A08092484381D00A8FC49 /* Age CalculatorTests.xctest */;
			productType = "com.apple.product-type.bundle.unit-test";
		};
		282A08132484381D00A8FC49 /* Age CalculatorUITests */ = {
			isa = PBXNativeTarget;
			buildConfigurationList = 282A08232484381D00A8FC49 /* Build configuration list for PBXNativeTarget "Age CalculatorUITests" */;
			buildPhases = (
				282A08102484381D00A8FC49 /* Sources */,
				282A08112484381D00A8FC49 /* Frameworks */,
				282A08122484381D00A8FC49 /* Resources */,
			);
			buildRules = (
			);
			dependencies = (
				282A08162484381D00A8FC49 /* PBXTargetDependency */,
			);
			name = "Age CalculatorUITests";
			productName = "Age CalculatorUITests";
			productReference = 282A08142484381D00A8FC49 /* Age CalculatorUITests.xctest */;
			productType = "com.apple.product-type.bundle.ui-testing";
		};
/* End PBXNativeTarget section */

/* Begin PBXProject section */
		282A07ED2484381A00A8FC49 /* Project object */ = {
			isa = PBXProject;
			attributes = {
				LastSwiftUpdateCheck = 1010;
				LastUpgradeCheck = 1010;
				ORGANIZATIONNAME = "Shamita Gurusu";
				TargetAttributes = {
					282A07F42484381A00A8FC49 = {
						CreatedOnToolsVersion = 10.1;
					};
					282A08082484381D00A8FC49 = {
						CreatedOnToolsVersion = 10.1;
						TestTargetID = 282A07F42484381A00A8FC49;
					};
					282A08132484381D00A8FC49 = {
						CreatedOnToolsVersion = 10.1;
						TestTargetID = 282A07F42484381A00A8FC49;
					};
				};
			};
			buildConfigurationList = 282A07F02484381A00A8FC49 /* Build configuration list for PBXProject "Age Calculator" */;
			compatibilityVersion = "Xcode 9.3";
			developmentRegion = en;
			hasScannedForEncodings = 0;
			knownRegions = (
				en,
				Base,
			);
			mainGroup = 282A07EC2484381A00A8FC49;
			productRefGroup = 282A07F62484381A00A8FC49 /* Products */;
			projectDirPath = "";
			projectRoot = "";
			targets = (
				282A07F42484381A00A8FC49 /* Age Calculator */,
				282A08082484381D00A8FC49 /* Age CalculatorTests */,
				282A08132484381D00A8FC49 /* Age CalculatorUITests */,
			);
		};
/* End PBXProject section */

/* Begin PBXResourcesBuildPhase section */
		282A07F32484381A00A8FC49 /* Resources */ = {
			isa = PBXResourcesBuildPhase;
			buildActionMask = 2147483647;
			files = (
				282A08032484381D00A8FC49 /* LaunchScreen.storyboard in Resources */,
				282A08002484381D00A8FC49 /* Assets.xcassets in Resources */,
				282A07FE2484381A00A8FC49 /* Main.storyboard in Resources */,
			);
			runOnlyForDeploymentPostprocessing = 0;
		};
		282A08072484381D00A8FC49 /* Resources */ = {
			isa = PBXResourcesBuildPhase;
			buildActionMask = 2147483647;
			files = (
			);
			runOnlyForDeploymentPostprocessing = 0;
		};
		282A08122484381D00A8FC49 /* Resources */ = {
			isa = PBXResourcesBuildPhase;
			buildActionMask = 2147483647;
			files = (
			);
			runOnlyForDeploymentPostprocessing = 0;
		};
/* End PBXResourcesBuildPhase section */

/* Begin PBXSourcesBuildPhase section */
		282A07F12484381A00A8FC49 /* Sources */ = {
			isa = PBXSourcesBuildPhase;
			buildActionMask = 2147483647;
			files = (
				282A07FB2484381A00A8FC49 /* ViewController.swift in Sources */,
				282A07F92484381A00A8FC49 /* AppDelegate.swift in Sources */,
			);
			runOnlyForDeploymentPostprocessing = 0;
		};
		282A08052484381D00A8FC49 /* Sources */ = {
			isa = PBXSourcesBuildPhase;
			buildActionMask = 2147483647;
			files = (
				282A080E2484381D00A8FC49 /* Age_CalculatorTests.swift in Sources */,
			);
			runOnlyForDeploymentPostprocessing = 0;
		};
		282A08102484381D00A8FC49 /* Sources */ = {
			isa = PBXSourcesBuildPhase;
			buildActionMask = 2147483647;
			files = (
				282A08192484381D00A8FC49 /* Age_CalculatorUITests.swift in Sources */,
			);
			runOnlyForDeploymentPostprocessing = 0;
		};
/* End PBXSourcesBuildPhase section */

/* Begin PBXTargetDependency section */
		282A080B2484381D00A8FC49 /* PBXTargetDependency */ = {
			isa = PBXTargetDependency;
			target = 282A07F42484381A00A8FC49 /* Age Calculator */;
			targetProxy = 282A080A2484381D00A8FC49 /* PBXContainerItemProxy */;
		};
		282A08162484381D00A8FC49 /* PBXTargetDependency */ = {
			isa = PBXTargetDependency;
			target = 282A07F42484381A00A8FC49 /* Age Calculator */;
			targetProxy = 282A08152484381D00A8FC49 /* PBXContainerItemProxy */;
		};
/* End PBXTargetDependency section */

/* Begin PBXVariantGroup section */
		282A07FC2484381A00A8FC49 /* Main.storyboard */ = {
			isa = PBXVariantGroup;
			children = (
				282A07FD2484381A00A8FC49 /* Base */,
			);
			name = Main.storyboard;
			sourceTree = "<group>";
		};
		282A08012484381D00A8FC49 /* LaunchScreen.storyboard */ = {
			isa = PBXVariantGroup;
			children = (
				282A08022484381D00A8FC49 /* Base */,
			);
			name = LaunchScreen.storyboard;
			sourceTree = "<group>";
		};
/* End PBXVariantGroup section */

/* Begin XCBuildConfiguration section */
		282A081B2484381D00A8FC49 /* Debug */ = {
			isa = XCBuildConfiguration;
			buildSettings = {
				ALWAYS_SEARCH_USER_PATHS = NO;
				CLANG_ANALYZER_NONNULL = YES;
				CLANG_ANALYZER_NUMBER_OBJECT_CONVERSION = YES_AGGRESSIVE;
				CLANG_CXX_LANGUAGE_STANDARD = "gnu++14";
				CLANG_CXX_LIBRARY = "libc++";
				CLANG_ENABLE_MODULES = YES;
				CLANG_ENABLE_OBJC_ARC = YES;
				CLANG_ENABLE_OBJC_WEAK = YES;
				CLANG_WARN_BLOCK_CAPTURE_AUTORELEASING = YES;
				CLANG_WARN_BOOL_CONVERSION = YES;
				CLANG_WARN_COMMA = YES;
				CLANG_WARN_CONSTANT_CONVERSION = YES;
				CLANG_WARN_DEPRECATED_OBJC_IMPLEMENTATIONS = YES;
				CLANG_WARN_DIRECT_OBJC_ISA_USAGE = YES_ERROR;
				CLANG_WARN_DOCUMENTATION_COMMENTS = YES;
				CLANG_WARN_EMPTY_BODY = YES;
				CLANG_WARN_ENUM_CONVERSION = YES;
				CLANG_WARN_INFINITE_RECURSION = YES;
				CLANG_WARN_INT_CONVERSION = YES;
				CLANG_WARN_NON_LITERAL_NULL_CONVERSION = YES;
				CLANG_WARN_OBJC_IMPLICIT_RETAIN_SELF = YES;
				CLANG_WARN_OBJC_LITERAL_CONVERSION = YES;
				CLANG_WARN_OBJC_ROOT_CLASS = YES_ERROR;
				CLANG_WARN_RANGE_LOOP_ANALYSIS = YES;
				CLANG_WARN_STRICT_PROTOTYPES = YES;
				CLANG_WARN_SUSPICIOUS_MOVE = YES;
				CLANG_WARN_UNGUARDED_AVAILABILITY = YES_AGGRESSIVE;
				CLANG_WARN_UNREACHABLE_CODE = YES;
				CLANG_WARN__DUPLICATE_METHOD_MATCH = YES;
				CODE_SIGN_IDENTITY = "iPhone Developer";
				COPY_PHASE_STRIP = NO;
				DEBUG_INFORMATION_FORMAT = dwarf;
				ENABLE_STRICT_OBJC_MSGSEND = YES;
				ENABLE_TESTABILITY = YES;
				GCC_C_LANGUAGE_STANDARD = gnu11;
				GCC_DYNAMIC_NO_PIC = NO;
				GCC_NO_COMMON_BLOCKS = YES;
				GCC_OPTIMIZATION_LEVEL = 0;
				GCC_PREPROCESSOR_DEFINITIONS = (
					"DEBUG=1",
					"$(inherited)",
				);
				GCC_WARN_64_TO_32_BIT_CONVERSION = YES;
				GCC_WARN_ABOUT_RETURN_TYPE = YES_ERROR;
				GCC_WARN_UNDECLARED_SELECTOR = YES;
				GCC_WARN_UNINITIALIZED_AUTOS = YES_AGGRESSIVE;
				GCC_WARN_UNUSED_FUNCTION = YES;
				GCC_WARN_UNUSED_VARIABLE = YES;
				IPHONEOS_DEPLOYMENT_TARGET = 12.1;
				MTL_ENABLE_DEBUG_INFO = INCLUDE_SOURCE;
				MTL_FAST_MATH = YES;
				ONLY_ACTIVE_ARCH = YES;
				SDKROOT = iphoneos;
				SWIFT_ACTIVE_COMPILATION_CONDITIONS = DEBUG;
				SWIFT_OPTIMIZATION_LEVEL = "-Onone";
			};
			name = Debug;
		};
		282A081C2484381D00A8FC49 /* Release */ = {
			isa = XCBuildConfiguration;
			buildSettings = {
				ALWAYS_SEARCH_USER_PATHS = NO;
				CLANG_ANALYZER_NONNULL = YES;
				CLANG_ANALYZER_NUMBER_OBJECT_CONVERSION = YES_AGGRESSIVE;
				CLANG_CXX_LANGUAGE_STANDARD = "gnu++14";
				CLANG_CXX_LIBRARY = "libc++";
				CLANG_ENABLE_MODULES = YES;
				CLANG_ENABLE_OBJC_ARC = YES;
				CLANG_ENABLE_OBJC_WEAK = YES;
				CLANG_WARN_BLOCK_CAPTURE_AUTORELEASING = YES;
				CLANG_WARN_BOOL_CONVERSION = YES;
				CLANG_WARN_COMMA = YES;
				CLANG_WARN_CONSTANT_CONVERSION = YES;
				CLANG_WARN_DEPRECATED_OBJC_IMPLEMENTATIONS = YES;
				CLANG_WARN_DIRECT_OBJC_ISA_USAGE = YES_ERROR;
				CLANG_WARN_DOCUMENTATION_COMMENTS = YES;
				CLANG_WARN_EMPTY_BODY = YES;
				CLANG_WARN_ENUM_CONVERSION = YES;
				CLANG_WARN_INFINITE_RECURSION = YES;
				CLANG_WARN_INT_CONVERSION = YES;
				CLANG_WARN_NON_LITERAL_NULL_CONVERSION = YES;
				CLANG_WARN_OBJC_IMPLICIT_RETAIN_SELF = YES;
				CLANG_WARN_OBJC_LITERAL_CONVERSION = YES;
				CLANG_WARN_OBJC_ROOT_CLASS = YES_ERROR;
				CLANG_WARN_RANGE_LOOP_ANALYSIS = YES;
				CLANG_WARN_STRICT_PROTOTYPES = YES;
				CLANG_WARN_SUSPICIOUS_MOVE = YES;
				CLANG_WARN_UNGUARDED_AVAILABILITY = YES_AGGRESSIVE;
				CLANG_WARN_UNREACHABLE_CODE = YES;
				CLANG_WARN__DUPLICATE_METHOD_MATCH = YES;
				CODE_SIGN_IDENTITY = "iPhone Developer";
				COPY_PHASE_STRIP = NO;
				DEBUG_INFORMATION_FORMAT = "dwarf-with-dsym";
				ENABLE_NS_ASSERTIONS = NO;
				ENABLE_STRICT_OBJC_MSGSEND = YES;
				GCC_C_LANGUAGE_STANDARD = gnu11;
				GCC_NO_COMMON_BLOCKS = YES;
				GCC_WARN_64_TO_32_BIT_CONVERSION = YES;
				GCC_WARN_ABOUT_RETURN_TYPE = YES_ERROR;
				GCC_WARN_UNDECLARED_SELECTOR = YES;
				GCC_WARN_UNINITIALIZED_AUTOS = YES_AGGRESSIVE;
				GCC_WARN_UNUSED_FUNCTION = YES;
				GCC_WARN_UNUSED_VARIABLE = YES;
				IPHONEOS_DEPLOYMENT_TARGET = 12.1;
				MTL_ENABLE_DEBUG_INFO = NO;
				MTL_FAST_MATH = YES;
				SDKROOT = iphoneos;
				SWIFT_COMPILATION_MODE = wholemodule;
				SWIFT_OPTIMIZATION_LEVEL = "-O";
				VALIDATE_PRODUCT = YES;
			};
			name = Release;
		};
		282A081E2484381D00A8FC49 /* Debug */ = {
			isa = XCBuildConfiguration;
			buildSettings = {
				ASSETCATALOG_COMPILER_APPICON_NAME = AppIcon;
				CODE_SIGN_STYLE = Automatic;
				INFOPLIST_FILE = "Age Calculator/Info.plist";
				LD_RUNPATH_SEARCH_PATHS = (
					"$(inherited)",
					"@executable_path/Frameworks",
				);
				PRODUCT_BUNDLE_IDENTIFIER = "com.seerasoft.Age-Calculator";
				PRODUCT_NAME = "$(TARGET_NAME)";
				SWIFT_VERSION = 4.2;
				TARGETED_DEVICE_FAMILY = "1,2";
			};
			name = Debug;
		};
		282A081F2484381D00A8FC49 /* Release */ = {
			isa = XCBuildConfiguration;
			buildSettings = {
				ASSETCATALOG_COMPILER_APPICON_NAME = AppIcon;
				CODE_SIGN_STYLE = Automatic;
				INFOPLIST_FILE = "Age Calculator/Info.plist";
				LD_RUNPATH_SEARCH_PATHS = (
					"$(inherited)",
					"@executable_path/Frameworks",
				);
				PRODUCT_BUNDLE_IDENTIFIER = "com.seerasoft.Age-Calculator";
				PRODUCT_NAME = "$(TARGET_NAME)";
				SWIFT_VERSION = 4.2;
				TARGETED_DEVICE_FAMILY = "1,2";
			};
			name = Release;
		};
		282A08212484381D00A8FC49 /* Debug */ = {
			isa = XCBuildConfiguration;
			buildSettings = {
				ALWAYS_EMBED_SWIFT_STANDARD_LIBRARIES = YES;
				BUNDLE_LOADER = "$(TEST_HOST)";
				CODE_SIGN_STYLE = Automatic;
				INFOPLIST_FILE = "Age CalculatorTests/Info.plist";
				LD_RUNPATH_SEARCH_PATHS = (
					"$(inherited)",
					"@executable_path/Frameworks",
					"@loader_path/Frameworks",
				);
				PRODUCT_BUNDLE_IDENTIFIER = "com.seerasoft.Age-CalculatorTests";
				PRODUCT_NAME = "$(TARGET_NAME)";
				SWIFT_VERSION = 4.2;
				TARGETED_DEVICE_FAMILY = "1,2";
				TEST_HOST = "$(BUILT_PRODUCTS_DIR)/Age Calculator.app/Age Calculator";
			};
			name = Debug;
		};
		282A08222484381D00A8FC49 /* Release */ = {
			isa = XCBuildConfiguration;
			buildSettings = {
				ALWAYS_EMBED_SWIFT_STANDARD_LIBRARIES = YES;
				BUNDLE_LOADER = "$(TEST_HOST)";
				CODE_SIGN_STYLE = Automatic;
				INFOPLIST_FILE = "Age CalculatorTests/Info.plist";
				LD_RUNPATH_SEARCH_PATHS = (
					"$(inherited)",
					"@executable_path/Frameworks",
					"@loader_path/Frameworks",
				);
				PRODUCT_BUNDLE_IDENTIFIER = "com.seerasoft.Age-CalculatorTests";
				PRODUCT_NAME = "$(TARGET_NAME)";
				SWIFT_VERSION = 4.2;
				TARGETED_DEVICE_FAMILY = "1,2";
				TEST_HOST = "$(BUILT_PRODUCTS_DIR)/Age Calculator.app/Age Calculator";
			};
			name = Release;
		};
		282A08242484381D00A8FC49 /* Debug */ = {
			isa = XCBuildConfiguration;
			buildSettings = {
				ALWAYS_EMBED_SWIFT_STANDARD_LIBRARIES = YES;
				CODE_SIGN_STYLE = Automatic;
				INFOPLIST_FILE = "Age CalculatorUITests/Info.plist";
				LD_RUNPATH_SEARCH_PATHS = (
					"$(inherited)",
					"@executable_path/Frameworks",
					"@loader_path/Frameworks",
				);
				PRODUCT_BUNDLE_IDENTIFIER = "com.seerasoft.Age-CalculatorUITests";
				PRODUCT_NAME = "$(TARGET_NAME)";
				SWIFT_VERSION = 4.2;
				TARGETED_DEVICE_FAMILY = "1,2";
				TEST_TARGET_NAME = "Age Calculator";
			};
			name = Debug;
		};
		282A08252484381D00A8FC49 /* Release */ = {
			isa = XCBuildConfiguration;
			buildSettings = {
				ALWAYS_EMBED_SWIFT_STANDARD_LIBRARIES = YES;
				CODE_SIGN_STYLE = Automatic;
				INFOPLIST_FILE = "Age CalculatorUITests/Info.plist";
				LD_RUNPATH_SEARCH_PATHS = (
					"$(inherited)",
					"@executable_path/Frameworks",
					"@loader_path/Frameworks",
				);
				PRODUCT_BUNDLE_IDENTIFIER = "com.seerasoft.Age-CalculatorUITests";
				PRODUCT_NAME = "$(TARGET_NAME)";
				SWIFT_VERSION = 4.2;
				TARGETED_DEVICE_FAMILY = "1,2";
				TEST_TARGET_NAME = "Age Calculator";
			};
			name = Release;
		};
/* End XCBuildConfiguration section */

/* Begin XCConfigurationList section */
		282A07F02484381A00A8FC49 /* Build configuration list for PBXProject "Age Calculator" */ = {
			isa = XCConfigurationList;
			buildConfigurations = (
				282A081B2484381D00A8FC49 /* Debug */,
				282A081C2484381D00A8FC49 /* Release */,
			);
			defaultConfigurationIsVisible = 0;
			defaultConfigurationName = Release;
		};
		282A081D2484381D00A8FC49 /* Build configuration list for PBXNativeTarget "Age Calculator" */ = {
			isa = XCConfigurationList;
			buildConfigurations = (
				282A081E2484381D00A8FC49 /* Debug */,
				282A081F2484381D00A8FC49 /* Release */,
			);
			defaultConfigurationIsVisible = 0;
			defaultConfigurationName = Release;
		};
		282A08202484381D00A8FC49 /* Build configuration list for PBXNativeTarget "Age CalculatorTests" */ = {
			isa = XCConfigurationList;
			buildConfigurations = (
				282A08212484381D00A8FC49 /* Debug */,
				282A08222484381D00A8FC49 /* Release */,
			);
			defaultConfigurationIsVisible = 0;
			defaultConfigurationName = Release;
		};
		282A08232484381D00A8FC49 /* Build configuration list for PBXNativeTarget "Age CalculatorUITests" */ = {
			isa = XCConfigurationList;
			buildConfigurations = (
				282A08242484381D00A8FC49 /* Debug */,
				282A08252484381D00A8FC49 /* Release */,
			);
			defaultConfigurationIsVisible = 0;
			defaultConfigurationName = Release;
		};
/* End XCConfigurationList section */
	};
	rootObject = 282A07ED2484381A00A8FC49 /* Project object */;
}
